
Microsoft Visual Studio Solution File, Format Version 12.00
# Visual Studio Version 16
VisualStudioVersion = 16.0.31729.503
MinimumVisualStudioVersion = 10.0.40219.1
Project("{FAE04EC0-301F-11D3-BF4B-00C04F79EFBC}") = "Exercicio12IfElse", "Exercicio12IfElse.csproj", "{9DFEF3D8-EB07-42C8-9CCD-3DE8EC61F05D}"
EndProject
Global
	GlobalSection(SolutionConfigurationPlatforms) = preSolution
		Debug|Any CPU = Debug|Any CPU
		Release|Any CPU = Release|Any CPU
	EndGlobalSection
	GlobalSection(ProjectConfigurationPlatforms) = postSolution
		{9DFEF3D8-EB07-42C8-9CCD-3DE8EC61F05D}.Debug|Any CPU.ActiveCfg = Debug|Any CPU
		{9DFEF3D8-EB07-42C8-9CCD-3DE8EC61F05D}.Debug|Any CPU.Build.0 = Debug|Any CPU
		{9DFEF3D8-EB07-42C8-9CCD-3DE8EC61F05D}.Release|Any CPU.ActiveCfg = Release|Any CPU
		{9DFEF3D8-EB07-42C8-9CCD-3DE8EC61F05D}.Release|Any CPU.Build.0 = Release|Any CPU
	EndGlobalSection
	GlobalSection(SolutionProperties) = preSolution
		HideSolutionNode = FALSE
	EndGlobalSection
	GlobalSection(ExtensibilityGlobals) = postSolution
		SolutionGuid = {92332412-E3F7-438A-8541-8D04880F4841}
	EndGlobalSection
EndGlobal
